
Microsoft Visual Studio Solution File, Format Version 12.00
# Visual Studio Version 16
VisualStudioVersion = 16.0.30621.155
MinimumVisualStudioVersion = 10.0.40219.1
Project("{FAE04EC0-301F-11D3-BF4B-00C04F79EFBC}") = "Habloner", "Habloner.csproj", "{AA3B4F53-E2A7-4BC3-8BDA-1D5C30432881}"
EndProject
Global
	GlobalSection(SolutionConfigurationPlatforms) = preSolution
		Debug|Any CPU = Debug|Any CPU
		Release|Any CPU = Release|Any CPU
	EndGlobalSection
	GlobalSection(ProjectConfigurationPlatforms) = postSolution
		{AA3B4F53-E2A7-4BC3-8BDA-1D5C30432881}.Debug|Any CPU.ActiveCfg = Debug|Any CPU
		{AA3B4F53-E2A7-4BC3-8BDA-1D5C30432881}.Debug|Any CPU.Build.0 = Debug|Any CPU
		{AA3B4F53-E2A7-4BC3-8BDA-1D5C30432881}.Release|Any CPU.ActiveCfg = Release|Any CPU
		{AA3B4F53-E2A7-4BC3-8BDA-1D5C30432881}.Release|Any CPU.Build.0 = Release|Any CPU
	EndGlobalSection
	GlobalSection(SolutionProperties) = preSolution
		HideSolutionNode = FALSE
	EndGlobalSection
	GlobalSection(ExtensibilityGlobals) = postSolution
		SolutionGuid = {24D63522-4E75-473A-A7F1-8A40CA5C3CC0}
	EndGlobalSection
EndGlobal
